
Microsoft Visual Studio Solution File, Format Version 12.00
# Visual Studio Version 17
VisualStudioVersion = 17.9.34728.123
MinimumVisualStudioVersion = 10.0.40219.1
Project("{9A19103F-16F7-4668-BE54-9A1E7A4F7556}") = "CrudOpration", "CrudOpration.csproj", "{92082CD2-F878-4925-BFA9-E9F088A01917}"
EndProject
Project("{00D1A9C2-B5F0-4AF3-8072-F6C62B433612}") = "sql", "sql\sql.sqlproj", "{799732D9-5910-401A-BC0A-16A074C02C15}"
EndProject
Project("{FAE04EC0-301F-11D3-BF4B-00C04F79EFBC}") = "MvcUII", "..\MvcUII\MvcUII.csproj", "{5B32C230-FFE8-4D57-8974-3A327F83B4C7}"
EndProject
Global
	GlobalSection(SolutionConfigurationPlatforms) = preSolution
		Debug|Any CPU = Debug|Any CPU
		Release|Any CPU = Release|Any CPU
	EndGlobalSection
	GlobalSection(ProjectConfigurationPlatforms) = postSolution
		{92082CD2-F878-4925-BFA9-E9F088A01917}.Debug|Any CPU.ActiveCfg = Debug|Any CPU
		{92082CD2-F878-4925-BFA9-E9F088A01917}.Debug|Any CPU.Build.0 = Debug|Any CPU
		{92082CD2-F878-4925-BFA9-E9F088A01917}.Release|Any CPU.ActiveCfg = Release|Any CPU
		{92082CD2-F878-4925-BFA9-E9F088A01917}.Release|Any CPU.Build.0 = Release|Any CPU
		{799732D9-5910-401A-BC0A-16A074C02C15}.Debug|Any CPU.ActiveCfg = Debug|Any CPU
		{799732D9-5910-401A-BC0A-16A074C02C15}.Debug|Any CPU.Build.0 = Debug|Any CPU
		{799732D9-5910-401A-BC0A-16A074C02C15}.Debug|Any CPU.Deploy.0 = Debug|Any CPU
		{799732D9-5910-401A-BC0A-16A074C02C15}.Release|Any CPU.ActiveCfg = Release|Any CPU
		{799732D9-5910-401A-BC0A-16A074C02C15}.Release|Any CPU.Build.0 = Release|Any CPU
		{799732D9-5910-401A-BC0A-16A074C02C15}.Release|Any CPU.Deploy.0 = Release|Any CPU
		{5B32C230-FFE8-4D57-8974-3A327F83B4C7}.Debug|Any CPU.ActiveCfg = Debug|Any CPU
		{5B32C230-FFE8-4D57-8974-3A327F83B4C7}.Debug|Any CPU.Build.0 = Debug|Any CPU
		{5B32C230-FFE8-4D57-8974-3A327F83B4C7}.Release|Any CPU.ActiveCfg = Release|Any CPU
		{5B32C230-FFE8-4D57-8974-3A327F83B4C7}.Release|Any CPU.Build.0 = Release|Any CPU
	EndGlobalSection
	GlobalSection(SolutionProperties) = preSolution
		HideSolutionNode = FALSE
	EndGlobalSection
	GlobalSection(ExtensibilityGlobals) = postSolution
		SolutionGuid = {6F1BAB56-1600-48A7-924A-790ABF5DAC26}
	EndGlobalSection
EndGlobal
